
Microsoft Visual Studio Solution File, Format Version 12.00
# Visual Studio Version 16
VisualStudioVersion = 16.0.31702.278
MinimumVisualStudioVersion = 10.0.40219.1
Project("{FAE04EC0-301F-11D3-BF4B-00C04F79EFBC}") = "MinesweeperAPI", "MinesweeperAPI\MinesweeperAPI.csproj", "{FF50D06C-F5F0-4E2E-BF88-E0E9D3BFFCFD}"
EndProject
Global
	GlobalSection(SolutionConfigurationPlatforms) = preSolution
		Debug|Any CPU = Debug|Any CPU
		Release|Any CPU = Release|Any CPU
	EndGlobalSection
	GlobalSection(ProjectConfigurationPlatforms) = postSolution
		{FF50D06C-F5F0-4E2E-BF88-E0E9D3BFFCFD}.Debug|Any CPU.ActiveCfg = Debug|Any CPU
		{FF50D06C-F5F0-4E2E-BF88-E0E9D3BFFCFD}.Debug|Any CPU.Build.0 = Debug|Any CPU
		{FF50D06C-F5F0-4E2E-BF88-E0E9D3BFFCFD}.Release|Any CPU.ActiveCfg = Release|Any CPU
		{FF50D06C-F5F0-4E2E-BF88-E0E9D3BFFCFD}.Release|Any CPU.Build.0 = Release|Any CPU
	EndGlobalSection
	GlobalSection(SolutionProperties) = preSolution
		HideSolutionNode = FALSE
	EndGlobalSection
	GlobalSection(ExtensibilityGlobals) = postSolution
		SolutionGuid = {AFDD38CF-9114-4050-B84E-F7B217EBEF6A}
	EndGlobalSection
EndGlobal
